{
  "nodes": {
    "agentic-harness-claude": {
      "flake": false,
      "locked": {
        "lastModified": 1787097840,
        "narHash": "sha256-tROE2SYODxpKw1ev4Vt1IlBlJN7rcxaBXn0ltN18Jqo=",
        "owner": "Jitsusama",
        "repo": "agentic-harness.claude",
        "rev": "51f0023b958c0c55aeafdcbae0ed74f3591253e4",
        "type": "github"
      },
      "original": {
        "owner": "Jitsusama",
        "repo": "agentic-harness.claude",
        "type": "github"
      }
    },
    "agentic-harness-core": {
      "flake": false,
      "locked": {
        "lastModified": 1787096534,
        "narHash": "sha256-pHzrFYfj3g9tSc6l+M3vIXlUY2HWY9kPnpc5gPlmSG0=",
        "owner": "Jitsusama",
        "repo": "agentic-harness.core",
        "rev": "a792b500470046c0e3dfd835914e1f276e5c1606",
        "type": "github"
      },
      "original": {
        "owner": "Jitsusama",
        "repo": "agentic-harness.core",
        "type": "github"
      }
    },
    "agentic-harness-pi": {
      "flake": false,
      "locked": {
        "lastModified": 1787097152,
        "narHash": "sha256-/L6M9nC5iNUIldmJf/kv5T/l+x/mkxJ/LIrPHtWEZDc=",
        "owner": "Jitsusama",
        "repo": "agentic-harness.pi",
        "rev": "837db64bd092c8d602227c4f03cfe9cafbd28a91",
        "type": "github"
      },
      "original": {
        "owner": "Jitsusama",
        "repo": "agentic-harness.pi",
        "type": "github"
      }
    },
    "core": {
      "inputs": {
        "neovim-pi": "neovim-pi",
        "wallpapers": "wallpapers"
      },
      "locked": {
        "lastModified": 1787080550,
        "narHash": "sha256-ZIsQgdE1XSCmcP/tal9XIf5jFWjU9yTyEZGtZFF5QxU=",
        "owner": "Jitsusama",
        "repo": "core.nix",
        "rev": "1d924e88ce2195ec447220660a2730c267bede47",
        "type": "github"
      },
      "original": {
        "owner": "Jitsusama",
        "repo": "core.nix",
        "type": "github"
      }
    },
    "home-manager": {
      "inputs": {
        "nixpkgs": [
          "nixpkgs"
        ]
      },
      "locked": {
        "lastModified": 1786999651,
        "narHash": "sha256-MTGMFlLDTklsXhCp4r5GXB4VAVadPdalXLvUjd/K7h0=",
        "owner": "nix-community",
        "repo": "home-manager",
        "rev": "353742587cbaf079b3caee743115d037bc51fea6",
        "type": "github"
      },
      "original": {
        "owner": "nix-community",
        "repo": "home-manager",
        "type": "github"
      }
    },
    "neovim-pi": {
      "flake": false,
      "locked": {
        "lastModified": 1781807489,
        "narHash": "sha256-mpPg2W+VfGU9PcTJtbVI6awc/zp7KsKsCEUvyGdUryY=",
        "owner": "Jitsusama",
        "repo": "neovim.pi",
        "rev": "1e216f4d42371633d05f5abaddeb5f601703ad36",
        "type": "github"
      },
      "original": {
        "owner": "Jitsusama",
        "repo": "neovim.pi",
        "type": "github"
      }
    },
    "nix-darwin": {
      "inputs": {
        "nixpkgs": [
          "nixpkgs"
        ]
      },
      "locked": {
        "lastModified": 1786845137,
        "narHash": "sha256-oQFip+v0luP8NIxJzmiW4Wu8bILsbFWom5l0zonl8hQ=",
        "owner": "LnL7",
        "repo": "nix-darwin",
        "rev": "4cff07de74b50e64bdd68cd4e722ab5b6b35ee48",
        "type": "github"
      },
      "original": {
        "owner": "LnL7",
        "repo": "nix-darwin",
        "type": "github"
      }
    },
    "nixpkgs": {
      "locked": {
        "lastModified": 1787022431,
        "narHash": "sha256-Kly49ipfBSEIKPFcKUUjlL6yzNAnFetwKAehc9P1h4I=",
        "owner": "NixOS",
        "repo": "nixpkgs",
        "rev": "f165e44f135784a494bca3d4ab4834c139f0b37d",
        "type": "github"
      },
      "original": {
        "owner": "NixOS",
        "ref": "nixpkgs-unstable",
        "repo": "nixpkgs",
        "type": "github"
      }
    },
    "root": {
      "inputs": {
        "agentic-harness-claude": "agentic-harness-claude",
        "agentic-harness-core": "agentic-harness-core",
        "agentic-harness-pi": "agentic-harness-pi",
        "core": "core",
        "home-manager": "home-manager",
        "nix-darwin": "nix-darwin",
        "nixpkgs": "nixpkgs",
        "wallpapers": "wallpapers_2"
      }
    },
    "wallpapers": {
      "locked": {
        "lastModified": 1759889113,
        "narHash": "sha256-jzfSApNJ/64BuRZpOHHJDogWPm1Zyff4ipNF3NfBRBo=",
        "owner": "Jitsusama",
        "repo": "wallpapers.nix",
        "rev": "9a4c725e3a1c8be6dd30768512b6a3684a260f3c",
        "type": "github"
      },
      "original": {
        "owner": "Jitsusama",
        "repo": "wallpapers.nix",
        "type": "github"
      }
    },
    "wallpapers_2": {
      "locked": {
        "lastModified": 1759889113,
        "narHash": "sha256-jzfSApNJ/64BuRZpOHHJDogWPm1Zyff4ipNF3NfBRBo=",
        "owner": "Jitsusama",
        "repo": "wallpapers.nix",
        "rev": "9a4c725e3a1c8be6dd30768512b6a3684a260f3c",
        "type": "github"
      },
      "original": {
        "owner": "Jitsusama",
        "repo": "wallpapers.nix",
        "type": "github"
      }
    }
  },
  "root": "root",
  "version": 7
}
